
Microsoft Visual Studio Solution File, Format Version 12.00
# Visual Studio Version 17
VisualStudioVersion = 17.2.32526.322
MinimumVisualStudioVersion = 10.0.40219.1
Project("{2150E333-8FDC-42A3-9474-1A3956D46DE8}") = "Framework", "Framework", "{94B42A0B-F94C-43D0-A033-EF29331FA9DE}"
EndProject
Project("{2150E333-8FDC-42A3-9474-1A3956D46DE8}") = "Inventory", "Inventory", "{2B51F935-7F75-4CA9-8C16-CCAFE2B11E73}"
EndProject
Project("{2150E333-8FDC-42A3-9474-1A3956D46DE8}") = "src", "src", "{C2C71703-9C2A-4C01-A90F-4BCC39F3152B}"
EndProject
Project("{2150E333-8FDC-42A3-9474-1A3956D46DE8}") = "tests", "tests", "{6D2DE635-A856-4AC4-9F28-07B02B0891BC}"
EndProject
Project("{2150E333-8FDC-42A3-9474-1A3956D46DE8}") = "Domain", "Domain", "{EC0DD6AD-0B13-4F72-8804-BF6669E2D851}"
EndProject
Project("{2150E333-8FDC-42A3-9474-1A3956D46DE8}") = "Application", "Application", "{74147262-A2D5-493C-ABDF-896BE8AA6509}"
EndProject
Project("{2150E333-8FDC-42A3-9474-1A3956D46DE8}") = "Interface", "Interface", "{7372B2DF-DCC6-470A-AA81-0561EEF5B2FF}"
EndProject
Project("{2150E333-8FDC-42A3-9474-1A3956D46DE8}") = "Infrastructure", "Infrastructure", "{9F015798-0088-42C5-BC8C-4B70116D84CC}"
EndProject
Project("{FAE04EC0-301F-11D3-BF4B-00C04F79EFBC}") = "Inventory.Domain", "Inventory.Domain\Inventory.Domain.csproj", "{FEFA176D-6B97-4872-A9FC-A2AA3E159039}"
EndProject
Project("{FAE04EC0-301F-11D3-BF4B-00C04F79EFBC}") = "Inventory.Persistence", "Inventory.Persistence\Inventory.Persistence.csproj", "{9A47A81D-BF91-4EB5-9BC1-B289B7F705F9}"
EndProject
Project("{FAE04EC0-301F-11D3-BF4B-00C04F79EFBC}") = "Framework.Domain", "..\framework\Framework.Domain\Framework.Domain.csproj", "{3152EE42-A43C-4381-ACC4-2267BC5CBA96}"
EndProject
Project("{FAE04EC0-301F-11D3-BF4B-00C04F79EFBC}") = "Framework.Core", "..\framework\Framework.Core\Framework.Core.csproj", "{01914C70-57BB-454A-B6A1-A1555AD79BFB}"
EndProject
Project("{FAE04EC0-301F-11D3-BF4B-00C04F79EFBC}") = "Framework.DataAccess.EF", "..\framework\Framework.DataAccess.EF\Framework.DataAccess.EF.csproj", "{9B2AF7B0-111E-4956-81C0-081D98D9D144}"
EndProject
Project("{FAE04EC0-301F-11D3-BF4B-00C04F79EFBC}") = "Framewrok.Bootstrap", "..\framework\Framewrok.Bootstrap\Framewrok.Bootstrap.csproj", "{0053E60A-BEDC-462B-B394-E7E6849CAF7A}"
EndProject
Project("{FAE04EC0-301F-11D3-BF4B-00C04F79EFBC}") = "Framework.Application", "..\framework\Framework.Application\Framework.Application.csproj", "{CA892C7E-A12C-4B34-9B76-71456B68C380}"
EndProject
Project("{FAE04EC0-301F-11D3-BF4B-00C04F79EFBC}") = "Framework.ServiceHost", "..\framework\Framework.ServiceHost\Framework.ServiceHost.csproj", "{85795416-2D35-4C62-9CFA-2B1CF3B461AF}"
EndProject
Project("{FAE04EC0-301F-11D3-BF4B-00C04F79EFBC}") = "Framework.Logger", "..\framework\Framework.Logger\Framework.Logger.csproj", "{EF4DB81F-1402-4F94-8720-A87B22085D11}"
EndProject
Project("{FAE04EC0-301F-11D3-BF4B-00C04F79EFBC}") = "Inventory.Application", "Inventory.Application\Inventory.Application.csproj", "{5152F0B9-E0B3-498E-9BEC-23F9234C61D8}"
EndProject
Project("{FAE04EC0-301F-11D3-BF4B-00C04F79EFBC}") = "Inventory.Application.Contract", "Inventory.Application.Contract\Inventory.Application.Contract.csproj", "{136BC407-50DF-4164-818C-4F4F3D52BB9B}"
EndProject
Project("{FAE04EC0-301F-11D3-BF4B-00C04F79EFBC}") = "Inventory.Interface.Contract", "Inventory.Interface.Contract\Inventory.Interface.Contract.csproj", "{5F3CA67B-AC66-4399-99B8-32CA98B19C8C}"
EndProject
Project("{FAE04EC0-301F-11D3-BF4B-00C04F79EFBC}") = "Inventory.Interface.WriteModel", "Inventory.Interface.WriteModel\Inventory.Interface.WriteModel.csproj", "{9B7214CF-327F-4D37-B0AE-26B41370D518}"
EndProject
Project("{FAE04EC0-301F-11D3-BF4B-00C04F79EFBC}") = "Inventory.Interface.QueryModel", "Inventory.Interface.QueryModel\Inventory.Interface.QueryModel.csproj", "{6D4AFDE9-EB01-4DB0-A7D1-0EA64C4D1035}"
EndProject
Project("{2150E333-8FDC-42A3-9474-1A3956D46DE8}") = "Host", "Host", "{50ED0838-B716-4DF3-8D9E-BD656D4733BC}"
EndProject
Project("{FAE04EC0-301F-11D3-BF4B-00C04F79EFBC}") = "Inventory.RestAPI", "Inventory.RestAPI\Inventory.RestAPI.csproj", "{635089AA-BB10-48EA-90A6-94B2B7DEF2DE}"
EndProject
Project("{FAE04EC0-301F-11D3-BF4B-00C04F79EFBC}") = "Inventory.DBMigration", "Inventory.DBMigration\Inventory.DBMigration.csproj", "{4321F4C0-FBBE-4CA2-A07E-45336984DEA0}"
EndProject
Project("{FAE04EC0-301F-11D3-BF4B-00C04F79EFBC}") = "Inventory.Bootstrap", "Inventory.Bootstrap\Inventory.Bootstrap.csproj", "{CF34D12B-7024-49C4-AABB-A3BFDC253604}"
EndProject
Project("{FAE04EC0-301F-11D3-BF4B-00C04F79EFBC}") = "Inventory.Domain.Contract", "Inventory.Domain.Contract\Inventory.Domain.Contract.csproj", "{1E1C428D-E17E-4EF2-8E3E-15176D9382D3}"
EndProject
Global
	GlobalSection(SolutionConfigurationPlatforms) = preSolution
		Debug|Any CPU = Debug|Any CPU
		Release|Any CPU = Release|Any CPU
	EndGlobalSection
	GlobalSection(ProjectConfigurationPlatforms) = postSolution
		{FEFA176D-6B97-4872-A9FC-A2AA3E159039}.Debug|Any CPU.ActiveCfg = Debug|Any CPU
		{FEFA176D-6B97-4872-A9FC-A2AA3E159039}.Debug|Any CPU.Build.0 = Debug|Any CPU
		{FEFA176D-6B97-4872-A9FC-A2AA3E159039}.Release|Any CPU.ActiveCfg = Release|Any CPU
		{FEFA176D-6B97-4872-A9FC-A2AA3E159039}.Release|Any CPU.Build.0 = Release|Any CPU
		{9A47A81D-BF91-4EB5-9BC1-B289B7F705F9}.Debug|Any CPU.ActiveCfg = Debug|Any CPU
		{9A47A81D-BF91-4EB5-9BC1-B289B7F705F9}.Debug|Any CPU.Build.0 = Debug|Any CPU
		{9A47A81D-BF91-4EB5-9BC1-B289B7F705F9}.Release|Any CPU.ActiveCfg = Release|Any CPU
		{9A47A81D-BF91-4EB5-9BC1-B289B7F705F9}.Release|Any CPU.Build.0 = Release|Any CPU
		{3152EE42-A43C-4381-ACC4-2267BC5CBA96}.Debug|Any CPU.ActiveCfg = Debug|Any CPU
		{3152EE42-A43C-4381-ACC4-2267BC5CBA96}.Debug|Any CPU.Build.0 = Debug|Any CPU
		{3152EE42-A43C-4381-ACC4-2267BC5CBA96}.Release|Any CPU.ActiveCfg = Release|Any CPU
		{3152EE42-A43C-4381-ACC4-2267BC5CBA96}.Release|Any CPU.Build.0 = Release|Any CPU
		{01914C70-57BB-454A-B6A1-A1555AD79BFB}.Debug|Any CPU.ActiveCfg = Debug|Any CPU
		{01914C70-57BB-454A-B6A1-A1555AD79BFB}.Debug|Any CPU.Build.0 = Debug|Any CPU
		{01914C70-57BB-454A-B6A1-A1555AD79BFB}.Release|Any CPU.ActiveCfg = Release|Any CPU
		{01914C70-57BB-454A-B6A1-A1555AD79BFB}.Release|Any CPU.Build.0 = Release|Any CPU
		{9B2AF7B0-111E-4956-81C0-081D98D9D144}.Debug|Any CPU.ActiveCfg = Debug|Any CPU
		{9B2AF7B0-111E-4956-81C0-081D98D9D144}.Debug|Any CPU.Build.0 = Debug|Any CPU
		{9B2AF7B0-111E-4956-81C0-081D98D9D144}.Release|Any CPU.ActiveCfg = Release|Any CPU
		{9B2AF7B0-111E-4956-81C0-081D98D9D144}.Release|Any CPU.Build.0 = Release|Any CPU
		{0053E60A-BEDC-462B-B394-E7E6849CAF7A}.Debug|Any CPU.ActiveCfg = Debug|Any CPU
		{0053E60A-BEDC-462B-B394-E7E6849CAF7A}.Debug|Any CPU.Build.0 = Debug|Any CPU
		{0053E60A-BEDC-462B-B394-E7E6849CAF7A}.Release|Any CPU.ActiveCfg = Release|Any CPU
		{0053E60A-BEDC-462B-B394-E7E6849CAF7A}.Release|Any CPU.Build.0 = Release|Any CPU
		{CA892C7E-A12C-4B34-9B76-71456B68C380}.Debug|Any CPU.ActiveCfg = Debug|Any CPU
		{CA892C7E-A12C-4B34-9B76-71456B68C380}.Debug|Any CPU.Build.0 = Debug|Any CPU
		{CA892C7E-A12C-4B34-9B76-71456B68C380}.Release|Any CPU.ActiveCfg = Release|Any CPU
		{CA892C7E-A12C-4B34-9B76-71456B68C380}.Release|Any CPU.Build.0 = Release|Any CPU
		{85795416-2D35-4C62-9CFA-2B1CF3B461AF}.Debug|Any CPU.ActiveCfg = Debug|Any CPU
		{85795416-2D35-4C62-9CFA-2B1CF3B461AF}.Debug|Any CPU.Build.0 = Debug|Any CPU
		{85795416-2D35-4C62-9CFA-2B1CF3B461AF}.Release|Any CPU.ActiveCfg = Release|Any CPU
		{85795416-2D35-4C62-9CFA-2B1CF3B461AF}.Release|Any CPU.Build.0 = Release|Any CPU
		{EF4DB81F-1402-4F94-8720-A87B22085D11}.Debug|Any CPU.ActiveCfg = Debug|Any CPU
		{EF4DB81F-1402-4F94-8720-A87B22085D11}.Debug|Any CPU.Build.0 = Debug|Any CPU
		{EF4DB81F-1402-4F94-8720-A87B22085D11}.Release|Any CPU.ActiveCfg = Release|Any CPU
		{EF4DB81F-1402-4F94-8720-A87B22085D11}.Release|Any CPU.Build.0 = Release|Any CPU
		{5152F0B9-E0B3-498E-9BEC-23F9234C61D8}.Debug|Any CPU.ActiveCfg = Debug|Any CPU
		{5152F0B9-E0B3-498E-9BEC-23F9234C61D8}.Debug|Any CPU.Build.0 = Debug|Any CPU
		{5152F0B9-E0B3-498E-9BEC-23F9234C61D8}.Release|Any CPU.ActiveCfg = Release|Any CPU
		{5152F0B9-E0B3-498E-9BEC-23F9234C61D8}.Release|Any CPU.Build.0 = Release|Any CPU
		{136BC407-50DF-4164-818C-4F4F3D52BB9B}.Debug|Any CPU.ActiveCfg = Debug|Any CPU
		{136BC407-50DF-4164-818C-4F4F3D52BB9B}.Debug|Any CPU.Build.0 = Debug|Any CPU
		{136BC407-50DF-4164-818C-4F4F3D52BB9B}.Release|Any CPU.ActiveCfg = Release|Any CPU
		{136BC407-50DF-4164-818C-4F4F3D52BB9B}.Release|Any CPU.Build.0 = Release|Any CPU
		{5F3CA67B-AC66-4399-99B8-32CA98B19C8C}.Debug|Any CPU.ActiveCfg = Debug|Any CPU
		{5F3CA67B-AC66-4399-99B8-32CA98B19C8C}.Debug|Any CPU.Build.0 = Debug|Any CPU
		{5F3CA67B-AC66-4399-99B8-32CA98B19C8C}.Release|Any CPU.ActiveCfg = Release|Any CPU
		{5F3CA67B-AC66-4399-99B8-32CA98B19C8C}.Release|Any CPU.Build.0 = Release|Any CPU
		{9B7214CF-327F-4D37-B0AE-26B41370D518}.Debug|Any CPU.ActiveCfg = Debug|Any CPU
		{9B7214CF-327F-4D37-B0AE-26B41370D518}.Debug|Any CPU.Build.0 = Debug|Any CPU
		{9B7214CF-327F-4D37-B0AE-26B41370D518}.Release|Any CPU.ActiveCfg = Release|Any CPU
		{9B7214CF-327F-4D37-B0AE-26B41370D518}.Release|Any CPU.Build.0 = Release|Any CPU
		{6D4AFDE9-EB01-4DB0-A7D1-0EA64C4D1035}.Debug|Any CPU.ActiveCfg = Debug|Any CPU
		{6D4AFDE9-EB01-4DB0-A7D1-0EA64C4D1035}.Debug|Any CPU.Build.0 = Debug|Any CPU
		{6D4AFDE9-EB01-4DB0-A7D1-0EA64C4D1035}.Release|Any CPU.ActiveCfg = Release|Any CPU
		{6D4AFDE9-EB01-4DB0-A7D1-0EA64C4D1035}.Release|Any CPU.Build.0 = Release|Any CPU
		{635089AA-BB10-48EA-90A6-94B2B7DEF2DE}.Debug|Any CPU.ActiveCfg = Debug|Any CPU
		{635089AA-BB10-48EA-90A6-94B2B7DEF2DE}.Debug|Any CPU.Build.0 = Debug|Any CPU
		{635089AA-BB10-48EA-90A6-94B2B7DEF2DE}.Release|Any CPU.ActiveCfg = Release|Any CPU
		{635089AA-BB10-48EA-90A6-94B2B7DEF2DE}.Release|Any CPU.Build.0 = Release|Any CPU
		{4321F4C0-FBBE-4CA2-A07E-45336984DEA0}.Debug|Any CPU.ActiveCfg = Debug|Any CPU
		{4321F4C0-FBBE-4CA2-A07E-45336984DEA0}.Debug|Any CPU.Build.0 = Debug|Any CPU
		{4321F4C0-FBBE-4CA2-A07E-45336984DEA0}.Release|Any CPU.ActiveCfg = Release|Any CPU
		{4321F4C0-FBBE-4CA2-A07E-45336984DEA0}.Release|Any CPU.Build.0 = Release|Any CPU
		{CF34D12B-7024-49C4-AABB-A3BFDC253604}.Debug|Any CPU.ActiveCfg = Debug|Any CPU
		{CF34D12B-7024-49C4-AABB-A3BFDC253604}.Debug|Any CPU.Build.0 = Debug|Any CPU
		{CF34D12B-7024-49C4-AABB-A3BFDC253604}.Release|Any CPU.ActiveCfg = Release|Any CPU
		{CF34D12B-7024-49C4-AABB-A3BFDC253604}.Release|Any CPU.Build.0 = Release|Any CPU
		{1E1C428D-E17E-4EF2-8E3E-15176D9382D3}.Debug|Any CPU.ActiveCfg = Debug|Any CPU
		{1E1C428D-E17E-4EF2-8E3E-15176D9382D3}.Debug|Any CPU.Build.0 = Debug|Any CPU
		{1E1C428D-E17E-4EF2-8E3E-15176D9382D3}.Release|Any CPU.ActiveCfg = Release|Any CPU
		{1E1C428D-E17E-4EF2-8E3E-15176D9382D3}.Release|Any CPU.Build.0 = Release|Any CPU
	EndGlobalSection
	GlobalSection(SolutionProperties) = preSolution
		HideSolutionNode = FALSE
	EndGlobalSection
	GlobalSection(NestedProjects) = preSolution
		{C2C71703-9C2A-4C01-A90F-4BCC39F3152B} = {2B51F935-7F75-4CA9-8C16-CCAFE2B11E73}
		{6D2DE635-A856-4AC4-9F28-07B02B0891BC} = {2B51F935-7F75-4CA9-8C16-CCAFE2B11E73}
		{EC0DD6AD-0B13-4F72-8804-BF6669E2D851} = {C2C71703-9C2A-4C01-A90F-4BCC39F3152B}
		{74147262-A2D5-493C-ABDF-896BE8AA6509} = {C2C71703-9C2A-4C01-A90F-4BCC39F3152B}
		{7372B2DF-DCC6-470A-AA81-0561EEF5B2FF} = {C2C71703-9C2A-4C01-A90F-4BCC39F3152B}
		{9F015798-0088-42C5-BC8C-4B70116D84CC} = {C2C71703-9C2A-4C01-A90F-4BCC39F3152B}
		{FEFA176D-6B97-4872-A9FC-A2AA3E159039} = {EC0DD6AD-0B13-4F72-8804-BF6669E2D851}
		{9A47A81D-BF91-4EB5-9BC1-B289B7F705F9} = {9F015798-0088-42C5-BC8C-4B70116D84CC}
		{3152EE42-A43C-4381-ACC4-2267BC5CBA96} = {94B42A0B-F94C-43D0-A033-EF29331FA9DE}
		{01914C70-57BB-454A-B6A1-A1555AD79BFB} = {94B42A0B-F94C-43D0-A033-EF29331FA9DE}
		{9B2AF7B0-111E-4956-81C0-081D98D9D144} = {94B42A0B-F94C-43D0-A033-EF29331FA9DE}
		{0053E60A-BEDC-462B-B394-E7E6849CAF7A} = {94B42A0B-F94C-43D0-A033-EF29331FA9DE}
		{CA892C7E-A12C-4B34-9B76-71456B68C380} = {94B42A0B-F94C-43D0-A033-EF29331FA9DE}
		{85795416-2D35-4C62-9CFA-2B1CF3B461AF} = {94B42A0B-F94C-43D0-A033-EF29331FA9DE}
		{EF4DB81F-1402-4F94-8720-A87B22085D11} = {94B42A0B-F94C-43D0-A033-EF29331FA9DE}
		{5152F0B9-E0B3-498E-9BEC-23F9234C61D8} = {74147262-A2D5-493C-ABDF-896BE8AA6509}
		{136BC407-50DF-4164-818C-4F4F3D52BB9B} = {74147262-A2D5-493C-ABDF-896BE8AA6509}
		{5F3CA67B-AC66-4399-99B8-32CA98B19C8C} = {7372B2DF-DCC6-470A-AA81-0561EEF5B2FF}
		{9B7214CF-327F-4D37-B0AE-26B41370D518} = {7372B2DF-DCC6-470A-AA81-0561EEF5B2FF}
		{6D4AFDE9-EB01-4DB0-A7D1-0EA64C4D1035} = {7372B2DF-DCC6-470A-AA81-0561EEF5B2FF}
		{50ED0838-B716-4DF3-8D9E-BD656D4733BC} = {C2C71703-9C2A-4C01-A90F-4BCC39F3152B}
		{635089AA-BB10-48EA-90A6-94B2B7DEF2DE} = {50ED0838-B716-4DF3-8D9E-BD656D4733BC}
		{4321F4C0-FBBE-4CA2-A07E-45336984DEA0} = {9F015798-0088-42C5-BC8C-4B70116D84CC}
		{CF34D12B-7024-49C4-AABB-A3BFDC253604} = {9F015798-0088-42C5-BC8C-4B70116D84CC}
		{1E1C428D-E17E-4EF2-8E3E-15176D9382D3} = {EC0DD6AD-0B13-4F72-8804-BF6669E2D851}
	EndGlobalSection
	GlobalSection(ExtensibilityGlobals) = postSolution
		SolutionGuid = {768AAB4F-784C-4E70-A281-CFB967C3D6D9}
	EndGlobalSection
EndGlobal
